
Microsoft Visual Studio Solution File, Format Version 12.00
# Visual Studio Version 17
VisualStudioVersion = 17.0.31903.59
MinimumVisualStudioVersion = 10.0.40219.1
Project("{2150E333-8FDC-42A3-9474-1A3956D46DE8}") = "Core", "Core", "{FBF56CC3-7AE6-AD2D-3F14-7F97FD322CD6}"
EndProject
Project("{FAE04EC0-301F-11D3-BF4B-00C04F79EFBC}") = "Struvio.Domain", "Core\Struvio.Domain\Struvio.Domain.csproj", "{598F7DDE-908E-4072-BE5A-606BA8DEBE59}"
EndProject
Project("{2150E333-8FDC-42A3-9474-1A3956D46DE8}") = "Shared", "Shared", "{4F52FD11-658E-A102-6CD3-7D7C16FFA15B}"
EndProject
Project("{FAE04EC0-301F-11D3-BF4B-00C04F79EFBC}") = "Struvio.Shared", "Shared\Struvio.Shared\Struvio.Shared.csproj", "{A1857FA6-E844-4FE5-8D6C-8FC20404751A}"
EndProject
Project("{FAE04EC0-301F-11D3-BF4B-00C04F79EFBC}") = "Struvio.Application", "Core\Struvio.Application\Struvio.Application.csproj", "{6CC59ABF-EEBC-4FFB-846D-747F22DB97F5}"
EndProject
Project("{2150E333-8FDC-42A3-9474-1A3956D46DE8}") = "Infrastructure", "Infrastructure", "{DFEE68D8-A7D0-1A41-506C-9B74AA9A7B7B}"
EndProject
Project("{FAE04EC0-301F-11D3-BF4B-00C04F79EFBC}") = "Struvio.Infrastructure", "Infrastructure\Struvio.Infrastructure\Struvio.Infrastructure.csproj", "{EE573357-76E6-4030-ACFA-56EDBBF21BBF}"
EndProject
Project("{FAE04EC0-301F-11D3-BF4B-00C04F79EFBC}") = "Struvio.Persistence", "Infrastructure\Struvio.Persistence\Struvio.Persistence.csproj", "{974A13C6-0A18-4BDF-AF0D-0D2F49F1A4FB}"
EndProject
Project("{2150E333-8FDC-42A3-9474-1A3956D46DE8}") = "UI", "UI", "{FA674B5A-3394-926C-2B1E-70E5B00E4A5C}"
EndProject
Project("{FAE04EC0-301F-11D3-BF4B-00C04F79EFBC}") = "Struvio.API", "UI\Struvio.API\Struvio.API.csproj", "{6A111C95-EAEA-4318-9FC5-2047EF4A83B4}"
EndProject
Project("{2150E333-8FDC-42A3-9474-1A3956D46DE8}") = "Tools", "Tools", "{07C2787E-EAC7-C090-1BA3-A61EC2A24D84}"
EndProject
Project("{FAE04EC0-301F-11D3-BF4B-00C04F79EFBC}") = "Struvio.Setup", "Tools\Struvio.Setup\Struvio.Setup.csproj", "{65289C72-6469-4EDE-AE1F-51F3DEB58D32}"
EndProject
Project("{FAE04EC0-301F-11D3-BF4B-00C04F79EFBC}") = "Struvio.Web.Common", "UI\Struvio.Web.Common\Struvio.Web.Common.csproj", "{56F1E3AE-78C3-4B74-A5E9-91016AB72A8F}"
EndProject
Project("{FAE04EC0-301F-11D3-BF4B-00C04F79EFBC}") = "Struvio.Web.Mvc", "UI\Struvio.Web.Mvc\Struvio.Web.Mvc.csproj", "{D530612A-C8E7-48B3-A50D-E1899EC06C01}"
EndProject
Project("{2150E333-8FDC-42A3-9474-1A3956D46DE8}") = "Clients", "Clients", "{6C2AAE32-4D94-9320-CABA-9EDF99CFAE70}"
EndProject
Project("{FAE04EC0-301F-11D3-BF4B-00C04F79EFBC}") = "Struvio.UI.RCL", "UI\Clients\Struvio.UI.RCL\Struvio.UI.RCL.csproj", "{F216DA2D-9D84-4AD8-8F49-7D5AFB23F8BF}"
EndProject
Project("{FAE04EC0-301F-11D3-BF4B-00C04F79EFBC}") = "Struvio.UI.Wasm", "UI\Clients\Struvio.UI.Wasm\Struvio.UI.Wasm.csproj", "{0810A5B7-BDFA-4483-BF4A-BE66D92633CE}"
EndProject
Project("{FAE04EC0-301F-11D3-BF4B-00C04F79EFBC}") = "Struvio.UI.Maui", "UI\Clients\Struvio.UI.Maui\Struvio.UI.Maui.csproj", "{98F97EB8-15FA-45BE-AA96-1A79BB5C11BB}"
EndProject
Project("{2150E333-8FDC-42A3-9474-1A3956D46DE8}") = "Tests", "Tests", "{0AB3BF05-4346-4AA6-1389-037BE0695223}"
EndProject
Project("{FAE04EC0-301F-11D3-BF4B-00C04F79EFBC}") = "Struvio.Application.UnitTests", "Tests\Struvio.Application.UnitTests\Struvio.Application.UnitTests.csproj", "{C24944C5-F24D-4461-9762-37264892B77D}"
EndProject
Global
	GlobalSection(SolutionConfigurationPlatforms) = preSolution
		Debug|Any CPU = Debug|Any CPU
		Debug|x64 = Debug|x64
		Debug|x86 = Debug|x86
		Release|Any CPU = Release|Any CPU
		Release|x64 = Release|x64
		Release|x86 = Release|x86
	EndGlobalSection
	GlobalSection(ProjectConfigurationPlatforms) = postSolution
		{598F7DDE-908E-4072-BE5A-606BA8DEBE59}.Debug|Any CPU.ActiveCfg = Debug|Any CPU
		{598F7DDE-908E-4072-BE5A-606BA8DEBE59}.Debug|Any CPU.Build.0 = Debug|Any CPU
		{598F7DDE-908E-4072-BE5A-606BA8DEBE59}.Debug|x64.ActiveCfg = Debug|Any CPU
		{598F7DDE-908E-4072-BE5A-606BA8DEBE59}.Debug|x64.Build.0 = Debug|Any CPU
		{598F7DDE-908E-4072-BE5A-606BA8DEBE59}.Debug|x86.ActiveCfg = Debug|Any CPU
		{598F7DDE-908E-4072-BE5A-606BA8DEBE59}.Debug|x86.Build.0 = Debug|Any CPU
		{598F7DDE-908E-4072-BE5A-606BA8DEBE59}.Release|Any CPU.ActiveCfg = Release|Any CPU
		{598F7DDE-908E-4072-BE5A-606BA8DEBE59}.Release|Any CPU.Build.0 = Release|Any CPU
		{598F7DDE-908E-4072-BE5A-606BA8DEBE59}.Release|x64.ActiveCfg = Release|Any CPU
		{598F7DDE-908E-4072-BE5A-606BA8DEBE59}.Release|x64.Build.0 = Release|Any CPU
		{598F7DDE-908E-4072-BE5A-606BA8DEBE59}.Release|x86.ActiveCfg = Release|Any CPU
		{598F7DDE-908E-4072-BE5A-606BA8DEBE59}.Release|x86.Build.0 = Release|Any CPU
		{A1857FA6-E844-4FE5-8D6C-8FC20404751A}.Debug|Any CPU.ActiveCfg = Debug|Any CPU
		{A1857FA6-E844-4FE5-8D6C-8FC20404751A}.Debug|Any CPU.Build.0 = Debug|Any CPU
		{A1857FA6-E844-4FE5-8D6C-8FC20404751A}.Debug|x64.ActiveCfg = Debug|Any CPU
		{A1857FA6-E844-4FE5-8D6C-8FC20404751A}.Debug|x64.Build.0 = Debug|Any CPU
		{A1857FA6-E844-4FE5-8D6C-8FC20404751A}.Debug|x86.ActiveCfg = Debug|Any CPU
		{A1857FA6-E844-4FE5-8D6C-8FC20404751A}.Debug|x86.Build.0 = Debug|Any CPU
		{A1857FA6-E844-4FE5-8D6C-8FC20404751A}.Release|Any CPU.ActiveCfg = Release|Any CPU
		{A1857FA6-E844-4FE5-8D6C-8FC20404751A}.Release|Any CPU.Build.0 = Release|Any CPU
		{A1857FA6-E844-4FE5-8D6C-8FC20404751A}.Release|x64.ActiveCfg = Release|Any CPU
		{A1857FA6-E844-4FE5-8D6C-8FC20404751A}.Release|x64.Build.0 = Release|Any CPU
		{A1857FA6-E844-4FE5-8D6C-8FC20404751A}.Release|x86.ActiveCfg = Release|Any CPU
		{A1857FA6-E844-4FE5-8D6C-8FC20404751A}.Release|x86.Build.0 = Release|Any CPU
		{6CC59ABF-EEBC-4FFB-846D-747F22DB97F5}.Debug|Any CPU.ActiveCfg = Debug|Any CPU
		{6CC59ABF-EEBC-4FFB-846D-747F22DB97F5}.Debug|Any CPU.Build.0 = Debug|Any CPU
		{6CC59ABF-EEBC-4FFB-846D-747F22DB97F5}.Debug|x64.ActiveCfg = Debug|Any CPU
		{6CC59ABF-EEBC-4FFB-846D-747F22DB97F5}.Debug|x64.Build.0 = Debug|Any CPU
		{6CC59ABF-EEBC-4FFB-846D-747F22DB97F5}.Debug|x86.ActiveCfg = Debug|Any CPU
		{6CC59ABF-EEBC-4FFB-846D-747F22DB97F5}.Debug|x86.Build.0 = Debug|Any CPU
		{6CC59ABF-EEBC-4FFB-846D-747F22DB97F5}.Release|Any CPU.ActiveCfg = Release|Any CPU
		{6CC59ABF-EEBC-4FFB-846D-747F22DB97F5}.Release|Any CPU.Build.0 = Release|Any CPU
		{6CC59ABF-EEBC-4FFB-846D-747F22DB97F5}.Release|x64.ActiveCfg = Release|Any CPU
		{6CC59ABF-EEBC-4FFB-846D-747F22DB97F5}.Release|x64.Build.0 = Release|Any CPU
		{6CC59ABF-EEBC-4FFB-846D-747F22DB97F5}.Release|x86.ActiveCfg = Release|Any CPU
		{6CC59ABF-EEBC-4FFB-846D-747F22DB97F5}.Release|x86.Build.0 = Release|Any CPU
		{EE573357-76E6-4030-ACFA-56EDBBF21BBF}.Debug|Any CPU.ActiveCfg = Debug|Any CPU
		{EE573357-76E6-4030-ACFA-56EDBBF21BBF}.Debug|Any CPU.Build.0 = Debug|Any CPU
		{EE573357-76E6-4030-ACFA-56EDBBF21BBF}.Debug|x64.ActiveCfg = Debug|Any CPU
		{EE573357-76E6-4030-ACFA-56EDBBF21BBF}.Debug|x64.Build.0 = Debug|Any CPU
		{EE573357-76E6-4030-ACFA-56EDBBF21BBF}.Debug|x86.ActiveCfg = Debug|Any CPU
		{EE573357-76E6-4030-ACFA-56EDBBF21BBF}.Debug|x86.Build.0 = Debug|Any CPU
		{EE573357-76E6-4030-ACFA-56EDBBF21BBF}.Release|Any CPU.ActiveCfg = Release|Any CPU
		{EE573357-76E6-4030-ACFA-56EDBBF21BBF}.Release|Any CPU.Build.0 = Release|Any CPU
		{EE573357-76E6-4030-ACFA-56EDBBF21BBF}.Release|x64.ActiveCfg = Release|Any CPU
		{EE573357-76E6-4030-ACFA-56EDBBF21BBF}.Release|x64.Build.0 = Release|Any CPU
		{EE573357-76E6-4030-ACFA-56EDBBF21BBF}.Release|x86.ActiveCfg = Release|Any CPU
		{EE573357-76E6-4030-ACFA-56EDBBF21BBF}.Release|x86.Build.0 = Release|Any CPU
		{974A13C6-0A18-4BDF-AF0D-0D2F49F1A4FB}.Debug|Any CPU.ActiveCfg = Debug|Any CPU
		{974A13C6-0A18-4BDF-AF0D-0D2F49F1A4FB}.Debug|Any CPU.Build.0 = Debug|Any CPU
		{974A13C6-0A18-4BDF-AF0D-0D2F49F1A4FB}.Debug|x64.ActiveCfg = Debug|Any CPU
		{974A13C6-0A18-4BDF-AF0D-0D2F49F1A4FB}.Debug|x64.Build.0 = Debug|Any CPU
		{974A13C6-0A18-4BDF-AF0D-0D2F49F1A4FB}.Debug|x86.ActiveCfg = Debug|Any CPU
		{974A13C6-0A18-4BDF-AF0D-0D2F49F1A4FB}.Debug|x86.Build.0 = Debug|Any CPU
		{974A13C6-0A18-4BDF-AF0D-0D2F49F1A4FB}.Release|Any CPU.ActiveCfg = Release|Any CPU
		{974A13C6-0A18-4BDF-AF0D-0D2F49F1A4FB}.Release|Any CPU.Build.0 = Release|Any CPU
		{974A13C6-0A18-4BDF-AF0D-0D2F49F1A4FB}.Release|x64.ActiveCfg = Release|Any CPU
		{974A13C6-0A18-4BDF-AF0D-0D2F49F1A4FB}.Release|x64.Build.0 = Release|Any CPU
		{974A13C6-0A18-4BDF-AF0D-0D2F49F1A4FB}.Release|x86.ActiveCfg = Release|Any CPU
		{974A13C6-0A18-4BDF-AF0D-0D2F49F1A4FB}.Release|x86.Build.0 = Release|Any CPU
		{6A111C95-EAEA-4318-9FC5-2047EF4A83B4}.Debug|Any CPU.ActiveCfg = Debug|Any CPU
		{6A111C95-EAEA-4318-9FC5-2047EF4A83B4}.Debug|Any CPU.Build.0 = Debug|Any CPU
		{6A111C95-EAEA-4318-9FC5-2047EF4A83B4}.Debug|x64.ActiveCfg = Debug|Any CPU
		{6A111C95-EAEA-4318-9FC5-2047EF4A83B4}.Debug|x64.Build.0 = Debug|Any CPU
		{6A111C95-EAEA-4318-9FC5-2047EF4A83B4}.Debug|x86.ActiveCfg = Debug|Any CPU
		{6A111C95-EAEA-4318-9FC5-2047EF4A83B4}.Debug|x86.Build.0 = Debug|Any CPU
		{6A111C95-EAEA-4318-9FC5-2047EF4A83B4}.Release|Any CPU.ActiveCfg = Release|Any CPU
		{6A111C95-EAEA-4318-9FC5-2047EF4A83B4}.Release|Any CPU.Build.0 = Release|Any CPU
		{6A111C95-EAEA-4318-9FC5-2047EF4A83B4}.Release|x64.ActiveCfg = Release|Any CPU
		{6A111C95-EAEA-4318-9FC5-2047EF4A83B4}.Release|x64.Build.0 = Release|Any CPU
		{6A111C95-EAEA-4318-9FC5-2047EF4A83B4}.Release|x86.ActiveCfg = Release|Any CPU
		{6A111C95-EAEA-4318-9FC5-2047EF4A83B4}.Release|x86.Build.0 = Release|Any CPU
		{65289C72-6469-4EDE-AE1F-51F3DEB58D32}.Debug|Any CPU.ActiveCfg = Debug|Any CPU
		{65289C72-6469-4EDE-AE1F-51F3DEB58D32}.Debug|Any CPU.Build.0 = Debug|Any CPU
		{65289C72-6469-4EDE-AE1F-51F3DEB58D32}.Debug|x64.ActiveCfg = Debug|Any CPU
		{65289C72-6469-4EDE-AE1F-51F3DEB58D32}.Debug|x64.Build.0 = Debug|Any CPU
		{65289C72-6469-4EDE-AE1F-51F3DEB58D32}.Debug|x86.ActiveCfg = Debug|Any CPU
		{65289C72-6469-4EDE-AE1F-51F3DEB58D32}.Debug|x86.Build.0 = Debug|Any CPU
		{65289C72-6469-4EDE-AE1F-51F3DEB58D32}.Release|Any CPU.ActiveCfg = Release|Any CPU
		{65289C72-6469-4EDE-AE1F-51F3DEB58D32}.Release|Any CPU.Build.0 = Release|Any CPU
		{65289C72-6469-4EDE-AE1F-51F3DEB58D32}.Release|x64.ActiveCfg = Release|Any CPU
		{65289C72-6469-4EDE-AE1F-51F3DEB58D32}.Release|x64.Build.0 = Release|Any CPU
		{65289C72-6469-4EDE-AE1F-51F3DEB58D32}.Release|x86.ActiveCfg = Release|Any CPU
		{65289C72-6469-4EDE-AE1F-51F3DEB58D32}.Release|x86.Build.0 = Release|Any CPU
		{56F1E3AE-78C3-4B74-A5E9-91016AB72A8F}.Debug|Any CPU.ActiveCfg = Debug|Any CPU
		{56F1E3AE-78C3-4B74-A5E9-91016AB72A8F}.Debug|Any CPU.Build.0 = Debug|Any CPU
		{56F1E3AE-78C3-4B74-A5E9-91016AB72A8F}.Debug|x64.ActiveCfg = Debug|Any CPU
		{56F1E3AE-78C3-4B74-A5E9-91016AB72A8F}.Debug|x64.Build.0 = Debug|Any CPU
		{56F1E3AE-78C3-4B74-A5E9-91016AB72A8F}.Debug|x86.ActiveCfg = Debug|Any CPU
		{56F1E3AE-78C3-4B74-A5E9-91016AB72A8F}.Debug|x86.Build.0 = Debug|Any CPU
		{56F1E3AE-78C3-4B74-A5E9-91016AB72A8F}.Release|Any CPU.ActiveCfg = Release|Any CPU
		{56F1E3AE-78C3-4B74-A5E9-91016AB72A8F}.Release|Any CPU.Build.0 = Release|Any CPU
		{56F1E3AE-78C3-4B74-A5E9-91016AB72A8F}.Release|x64.ActiveCfg = Release|Any CPU
		{56F1E3AE-78C3-4B74-A5E9-91016AB72A8F}.Release|x64.Build.0 = Release|Any CPU
		{56F1E3AE-78C3-4B74-A5E9-91016AB72A8F}.Release|x86.ActiveCfg = Release|Any CPU
		{56F1E3AE-78C3-4B74-A5E9-91016AB72A8F}.Release|x86.Build.0 = Release|Any CPU
		{D530612A-C8E7-48B3-A50D-E1899EC06C01}.Debug|Any CPU.ActiveCfg = Debug|Any CPU
		{D530612A-C8E7-48B3-A50D-E1899EC06C01}.Debug|Any CPU.Build.0 = Debug|Any CPU
		{D530612A-C8E7-48B3-A50D-E1899EC06C01}.Debug|x64.ActiveCfg = Debug|Any CPU
		{D530612A-C8E7-48B3-A50D-E1899EC06C01}.Debug|x64.Build.0 = Debug|Any CPU
		{D530612A-C8E7-48B3-A50D-E1899EC06C01}.Debug|x86.ActiveCfg = Debug|Any CPU
		{D530612A-C8E7-48B3-A50D-E1899EC06C01}.Debug|x86.Build.0 = Debug|Any CPU
		{D530612A-C8E7-48B3-A50D-E1899EC06C01}.Release|Any CPU.ActiveCfg = Release|Any CPU
		{D530612A-C8E7-48B3-A50D-E1899EC06C01}.Release|Any CPU.Build.0 = Release|Any CPU
		{D530612A-C8E7-48B3-A50D-E1899EC06C01}.Release|x64.ActiveCfg = Release|Any CPU
		{D530612A-C8E7-48B3-A50D-E1899EC06C01}.Release|x64.Build.0 = Release|Any CPU
		{D530612A-C8E7-48B3-A50D-E1899EC06C01}.Release|x86.ActiveCfg = Release|Any CPU
		{D530612A-C8E7-48B3-A50D-E1899EC06C01}.Release|x86.Build.0 = Release|Any CPU
		{F216DA2D-9D84-4AD8-8F49-7D5AFB23F8BF}.Debug|Any CPU.ActiveCfg = Debug|Any CPU
		{F216DA2D-9D84-4AD8-8F49-7D5AFB23F8BF}.Debug|Any CPU.Build.0 = Debug|Any CPU
		{F216DA2D-9D84-4AD8-8F49-7D5AFB23F8BF}.Debug|x64.ActiveCfg = Debug|Any CPU
		{F216DA2D-9D84-4AD8-8F49-7D5AFB23F8BF}.Debug|x64.Build.0 = Debug|Any CPU
		{F216DA2D-9D84-4AD8-8F49-7D5AFB23F8BF}.Debug|x86.ActiveCfg = Debug|Any CPU
		{F216DA2D-9D84-4AD8-8F49-7D5AFB23F8BF}.Debug|x86.Build.0 = Debug|Any CPU
		{F216DA2D-9D84-4AD8-8F49-7D5AFB23F8BF}.Release|Any CPU.ActiveCfg = Release|Any CPU
		{F216DA2D-9D84-4AD8-8F49-7D5AFB23F8BF}.Release|Any CPU.Build.0 = Release|Any CPU
		{F216DA2D-9D84-4AD8-8F49-7D5AFB23F8BF}.Release|x64.ActiveCfg = Release|Any CPU
		{F216DA2D-9D84-4AD8-8F49-7D5AFB23F8BF}.Release|x64.Build.0 = Release|Any CPU
		{F216DA2D-9D84-4AD8-8F49-7D5AFB23F8BF}.Release|x86.ActiveCfg = Release|Any CPU
		{F216DA2D-9D84-4AD8-8F49-7D5AFB23F8BF}.Release|x86.Build.0 = Release|Any CPU
		{0810A5B7-BDFA-4483-BF4A-BE66D92633CE}.Debug|Any CPU.ActiveCfg = Debug|Any CPU
		{0810A5B7-BDFA-4483-BF4A-BE66D92633CE}.Debug|Any CPU.Build.0 = Debug|Any CPU
		{0810A5B7-BDFA-4483-BF4A-BE66D92633CE}.Debug|x64.ActiveCfg = Debug|Any CPU
		{0810A5B7-BDFA-4483-BF4A-BE66D92633CE}.Debug|x64.Build.0 = Debug|Any CPU
		{0810A5B7-BDFA-4483-BF4A-BE66D92633CE}.Debug|x86.ActiveCfg = Debug|Any CPU
		{0810A5B7-BDFA-4483-BF4A-BE66D92633CE}.Debug|x86.Build.0 = Debug|Any CPU
		{0810A5B7-BDFA-4483-BF4A-BE66D92633CE}.Release|Any CPU.ActiveCfg = Release|Any CPU
		{0810A5B7-BDFA-4483-BF4A-BE66D92633CE}.Release|Any CPU.Build.0 = Release|Any CPU
		{0810A5B7-BDFA-4483-BF4A-BE66D92633CE}.Release|x64.ActiveCfg = Release|Any CPU
		{0810A5B7-BDFA-4483-BF4A-BE66D92633CE}.Release|x64.Build.0 = Release|Any CPU
		{0810A5B7-BDFA-4483-BF4A-BE66D92633CE}.Release|x86.ActiveCfg = Release|Any CPU
		{0810A5B7-BDFA-4483-BF4A-BE66D92633CE}.Release|x86.Build.0 = Release|Any CPU
		{98F97EB8-15FA-45BE-AA96-1A79BB5C11BB}.Debug|Any CPU.ActiveCfg = Debug|Any CPU
		{98F97EB8-15FA-45BE-AA96-1A79BB5C11BB}.Debug|Any CPU.Build.0 = Debug|Any CPU
		{98F97EB8-15FA-45BE-AA96-1A79BB5C11BB}.Debug|x64.ActiveCfg = Debug|Any CPU
		{98F97EB8-15FA-45BE-AA96-1A79BB5C11BB}.Debug|x64.Build.0 = Debug|Any CPU
		{98F97EB8-15FA-45BE-AA96-1A79BB5C11BB}.Debug|x86.ActiveCfg = Debug|Any CPU
		{98F97EB8-15FA-45BE-AA96-1A79BB5C11BB}.Debug|x86.Build.0 = Debug|Any CPU
		{98F97EB8-15FA-45BE-AA96-1A79BB5C11BB}.Release|Any CPU.ActiveCfg = Release|Any CPU
		{98F97EB8-15FA-45BE-AA96-1A79BB5C11BB}.Release|Any CPU.Build.0 = Release|Any CPU
		{98F97EB8-15FA-45BE-AA96-1A79BB5C11BB}.Release|x64.ActiveCfg = Release|Any CPU
		{98F97EB8-15FA-45BE-AA96-1A79BB5C11BB}.Release|x64.Build.0 = Release|Any CPU
		{98F97EB8-15FA-45BE-AA96-1A79BB5C11BB}.Release|x86.ActiveCfg = Release|Any CPU
		{98F97EB8-15FA-45BE-AA96-1A79BB5C11BB}.Release|x86.Build.0 = Release|Any CPU
		{C24944C5-F24D-4461-9762-37264892B77D}.Debug|Any CPU.ActiveCfg = Debug|Any CPU
		{C24944C5-F24D-4461-9762-37264892B77D}.Debug|Any CPU.Build.0 = Debug|Any CPU
		{C24944C5-F24D-4461-9762-37264892B77D}.Debug|x64.ActiveCfg = Debug|Any CPU
		{C24944C5-F24D-4461-9762-37264892B77D}.Debug|x64.Build.0 = Debug|Any CPU
		{C24944C5-F24D-4461-9762-37264892B77D}.Debug|x86.ActiveCfg = Debug|Any CPU
		{C24944C5-F24D-4461-9762-37264892B77D}.Debug|x86.Build.0 = Debug|Any CPU
		{C24944C5-F24D-4461-9762-37264892B77D}.Release|Any CPU.ActiveCfg = Release|Any CPU
		{C24944C5-F24D-4461-9762-37264892B77D}.Release|Any CPU.Build.0 = Release|Any CPU
		{C24944C5-F24D-4461-9762-37264892B77D}.Release|x64.ActiveCfg = Release|Any CPU
		{C24944C5-F24D-4461-9762-37264892B77D}.Release|x64.Build.0 = Release|Any CPU
		{C24944C5-F24D-4461-9762-37264892B77D}.Release|x86.ActiveCfg = Release|Any CPU
		{C24944C5-F24D-4461-9762-37264892B77D}.Release|x86.Build.0 = Release|Any CPU
	EndGlobalSection
	GlobalSection(SolutionProperties) = preSolution
		HideSolutionNode = FALSE
	EndGlobalSection
	GlobalSection(NestedProjects) = preSolution
		{598F7DDE-908E-4072-BE5A-606BA8DEBE59} = {FBF56CC3-7AE6-AD2D-3F14-7F97FD322CD6}
		{A1857FA6-E844-4FE5-8D6C-8FC20404751A} = {4F52FD11-658E-A102-6CD3-7D7C16FFA15B}
		{6CC59ABF-EEBC-4FFB-846D-747F22DB97F5} = {FBF56CC3-7AE6-AD2D-3F14-7F97FD322CD6}
		{EE573357-76E6-4030-ACFA-56EDBBF21BBF} = {DFEE68D8-A7D0-1A41-506C-9B74AA9A7B7B}
		{974A13C6-0A18-4BDF-AF0D-0D2F49F1A4FB} = {DFEE68D8-A7D0-1A41-506C-9B74AA9A7B7B}
		{6A111C95-EAEA-4318-9FC5-2047EF4A83B4} = {FA674B5A-3394-926C-2B1E-70E5B00E4A5C}
		{65289C72-6469-4EDE-AE1F-51F3DEB58D32} = {07C2787E-EAC7-C090-1BA3-A61EC2A24D84}
		{56F1E3AE-78C3-4B74-A5E9-91016AB72A8F} = {FA674B5A-3394-926C-2B1E-70E5B00E4A5C}
		{D530612A-C8E7-48B3-A50D-E1899EC06C01} = {FA674B5A-3394-926C-2B1E-70E5B00E4A5C}
		{6C2AAE32-4D94-9320-CABA-9EDF99CFAE70} = {FA674B5A-3394-926C-2B1E-70E5B00E4A5C}
		{F216DA2D-9D84-4AD8-8F49-7D5AFB23F8BF} = {6C2AAE32-4D94-9320-CABA-9EDF99CFAE70}
		{0810A5B7-BDFA-4483-BF4A-BE66D92633CE} = {6C2AAE32-4D94-9320-CABA-9EDF99CFAE70}
		{98F97EB8-15FA-45BE-AA96-1A79BB5C11BB} = {6C2AAE32-4D94-9320-CABA-9EDF99CFAE70}
		{C24944C5-F24D-4461-9762-37264892B77D} = {0AB3BF05-4346-4AA6-1389-037BE0695223}
	EndGlobalSection
EndGlobal
